
Microsoft Visual Studio Solution File, Format Version 12.00
# Visual Studio Version 16
VisualStudioVersion = 16.0.30907.101
MinimumVisualStudioVersion = 10.0.40219.1
Project("{FAE04EC0-301F-11D3-BF4B-00C04F79EFBC}") = "GitDemo", "GitDemo\GitDemo.csproj", "{E1F4D52D-DAE4-47BB-8AD0-D316862E9D0B}"
EndProject
Global
	GlobalSection(SolutionConfigurationPlatforms) = preSolution
		Debug|Any CPU = Debug|Any CPU
		Release|Any CPU = Release|Any CPU
	EndGlobalSection
	GlobalSection(ProjectConfigurationPlatforms) = postSolution
		{E1F4D52D-DAE4-47BB-8AD0-D316862E9D0B}.Debug|Any CPU.ActiveCfg = Debug|Any CPU
		{E1F4D52D-DAE4-47BB-8AD0-D316862E9D0B}.Debug|Any CPU.Build.0 = Debug|Any CPU
		{E1F4D52D-DAE4-47BB-8AD0-D316862E9D0B}.Release|Any CPU.ActiveCfg = Release|Any CPU
		{E1F4D52D-DAE4-47BB-8AD0-D316862E9D0B}.Release|Any CPU.Build.0 = Release|Any CPU
	EndGlobalSection
	GlobalSection(SolutionProperties) = preSolution
		HideSolutionNode = FALSE
	EndGlobalSection
	GlobalSection(ExtensibilityGlobals) = postSolution
		SolutionGuid = {30D32EF1-0025-4D75-96BB-8D78490464E5}
	EndGlobalSection
EndGlobal
